
Microsoft Visual Studio Solution File, Format Version 12.00
# Visual Studio Version 17
VisualStudioVersion = 17.3.32929.385
MinimumVisualStudioVersion = 10.0.40219.1
Project("{9A19103F-16F7-4668-BE54-9A1E7A4F7556}") = "Nlayer.Core", "Nlayer.Core\Nlayer.Core.csproj", "{181A6D22-9DD1-4AF8-A908-3A4ECC864052}"
EndProject
Project("{FAE04EC0-301F-11D3-BF4B-00C04F79EFBC}") = "NLayer.Repository", "NLayer.Repository\NLayer.Repository.csproj", "{B0B99846-6C29-403B-8D95-EF1D91E04DBB}"
EndProject
Global
	GlobalSection(SolutionConfigurationPlatforms) = preSolution
		Debug|Any CPU = Debug|Any CPU
		Release|Any CPU = Release|Any CPU
	EndGlobalSection
	GlobalSection(ProjectConfigurationPlatforms) = postSolution
		{181A6D22-9DD1-4AF8-A908-3A4ECC864052}.Debug|Any CPU.ActiveCfg = Debug|Any CPU
		{181A6D22-9DD1-4AF8-A908-3A4ECC864052}.Debug|Any CPU.Build.0 = Debug|Any CPU
		{181A6D22-9DD1-4AF8-A908-3A4ECC864052}.Release|Any CPU.ActiveCfg = Release|Any CPU
		{181A6D22-9DD1-4AF8-A908-3A4ECC864052}.Release|Any CPU.Build.0 = Release|Any CPU
		{B0B99846-6C29-403B-8D95-EF1D91E04DBB}.Debug|Any CPU.ActiveCfg = Debug|Any CPU
		{B0B99846-6C29-403B-8D95-EF1D91E04DBB}.Debug|Any CPU.Build.0 = Debug|Any CPU
		{B0B99846-6C29-403B-8D95-EF1D91E04DBB}.Release|Any CPU.ActiveCfg = Release|Any CPU
		{B0B99846-6C29-403B-8D95-EF1D91E04DBB}.Release|Any CPU.Build.0 = Release|Any CPU
	EndGlobalSection
	GlobalSection(SolutionProperties) = preSolution
		HideSolutionNode = FALSE
	EndGlobalSection
	GlobalSection(ExtensibilityGlobals) = postSolution
		SolutionGuid = {BD6D67AE-6787-4FBF-A68C-8D19BC47EE21}
	EndGlobalSection
EndGlobal
