
Microsoft Visual Studio Solution File, Format Version 12.00
# Visual Studio Version 17
VisualStudioVersion = 17.3.32929.385
MinimumVisualStudioVersion = 10.0.40219.1
Project("{9A19103F-16F7-4668-BE54-9A1E7A4F7556}") = "NLayer.Service", "NLayer.Service\NLayer.Service.csproj", "{0E2BBAE8-7BAB-44FE-8046-75A5269ACE31}"
EndProject
Project("{9A19103F-16F7-4668-BE54-9A1E7A4F7556}") = "NLayer.API", "NLayer.API\NLayer.API.csproj", "{8031F3DD-BB73-48F2-88ED-A1C24487504F}"
EndProject
Project("{9A19103F-16F7-4668-BE54-9A1E7A4F7556}") = "NLayer.Web", "NLayer.Web\NLayer.Web.csproj", "{3C6EF128-7D82-4BE9-B336-253CAACA2C45}"
EndProject
Project("{9A19103F-16F7-4668-BE54-9A1E7A4F7556}") = "NLayer.Caching", "NLayer.Caching\NLayer.Caching.csproj", "{29DDDDA8-7204-44B0-B641-AC937EAD1643}"
EndProject
Project("{FAE04EC0-301F-11D3-BF4B-00C04F79EFBC}") = "NLayer.Repository", "NLayer.Repository\NLayer.Repository.csproj", "{07EB2066-7AE3-4AB4-9305-06F047A9DF9D}"
EndProject
Project("{FAE04EC0-301F-11D3-BF4B-00C04F79EFBC}") = "NLayer.Core", "NLayer.Core\NLayer.Core.csproj", "{28544338-CE19-4124-BF0C-33269D7D6E9D}"
EndProject
Global
	GlobalSection(SolutionConfigurationPlatforms) = preSolution
		Debug|Any CPU = Debug|Any CPU
		Release|Any CPU = Release|Any CPU
	EndGlobalSection
	GlobalSection(ProjectConfigurationPlatforms) = postSolution
		{0E2BBAE8-7BAB-44FE-8046-75A5269ACE31}.Debug|Any CPU.ActiveCfg = Debug|Any CPU
		{0E2BBAE8-7BAB-44FE-8046-75A5269ACE31}.Debug|Any CPU.Build.0 = Debug|Any CPU
		{0E2BBAE8-7BAB-44FE-8046-75A5269ACE31}.Release|Any CPU.ActiveCfg = Release|Any CPU
		{0E2BBAE8-7BAB-44FE-8046-75A5269ACE31}.Release|Any CPU.Build.0 = Release|Any CPU
		{8031F3DD-BB73-48F2-88ED-A1C24487504F}.Debug|Any CPU.ActiveCfg = Debug|Any CPU
		{8031F3DD-BB73-48F2-88ED-A1C24487504F}.Debug|Any CPU.Build.0 = Debug|Any CPU
		{8031F3DD-BB73-48F2-88ED-A1C24487504F}.Release|Any CPU.ActiveCfg = Release|Any CPU
		{8031F3DD-BB73-48F2-88ED-A1C24487504F}.Release|Any CPU.Build.0 = Release|Any CPU
		{3C6EF128-7D82-4BE9-B336-253CAACA2C45}.Debug|Any CPU.ActiveCfg = Debug|Any CPU
		{3C6EF128-7D82-4BE9-B336-253CAACA2C45}.Debug|Any CPU.Build.0 = Debug|Any CPU
		{3C6EF128-7D82-4BE9-B336-253CAACA2C45}.Release|Any CPU.ActiveCfg = Release|Any CPU
		{3C6EF128-7D82-4BE9-B336-253CAACA2C45}.Release|Any CPU.Build.0 = Release|Any CPU
		{29DDDDA8-7204-44B0-B641-AC937EAD1643}.Debug|Any CPU.ActiveCfg = Debug|Any CPU
		{29DDDDA8-7204-44B0-B641-AC937EAD1643}.Debug|Any CPU.Build.0 = Debug|Any CPU
		{29DDDDA8-7204-44B0-B641-AC937EAD1643}.Release|Any CPU.ActiveCfg = Release|Any CPU
		{29DDDDA8-7204-44B0-B641-AC937EAD1643}.Release|Any CPU.Build.0 = Release|Any CPU
		{07EB2066-7AE3-4AB4-9305-06F047A9DF9D}.Debug|Any CPU.ActiveCfg = Debug|Any CPU
		{07EB2066-7AE3-4AB4-9305-06F047A9DF9D}.Debug|Any CPU.Build.0 = Debug|Any CPU
		{07EB2066-7AE3-4AB4-9305-06F047A9DF9D}.Release|Any CPU.ActiveCfg = Release|Any CPU
		{07EB2066-7AE3-4AB4-9305-06F047A9DF9D}.Release|Any CPU.Build.0 = Release|Any CPU
		{28544338-CE19-4124-BF0C-33269D7D6E9D}.Debug|Any CPU.ActiveCfg = Debug|Any CPU
		{28544338-CE19-4124-BF0C-33269D7D6E9D}.Debug|Any CPU.Build.0 = Debug|Any CPU
		{28544338-CE19-4124-BF0C-33269D7D6E9D}.Release|Any CPU.ActiveCfg = Release|Any CPU
		{28544338-CE19-4124-BF0C-33269D7D6E9D}.Release|Any CPU.Build.0 = Release|Any CPU
	EndGlobalSection
	GlobalSection(SolutionProperties) = preSolution
		HideSolutionNode = FALSE
	EndGlobalSection
	GlobalSection(ExtensibilityGlobals) = postSolution
		SolutionGuid = {BD6D67AE-6787-4FBF-A68C-8D19BC47EE21}
	EndGlobalSection
EndGlobal
